// !$*UTF8*$!
{
	archiveVersion = 1;
	classes = {
	};
	objectVersion = 45;
	objects = {

/* Begin PBXBuildFile section */
		1D3623260D0F684500981E51 /* peekAppDelegate.m in Sources */ = {isa = PBXBuildFile; fileRef = 1D3623250D0F684500981E51 /* peekAppDelegate.m */; };
		1D60589B0D05DD56006BFB54 /* main.m in Sources */ = {isa = PBXBuildFile; fileRef = 29B97316FDCFA39411CA2CEA /* main.m */; };
		1D60589F0D05DD5A006BFB54 /* Foundation.framework in Frameworks */ = {isa = PBXBuildFile; fileRef = 1D30AB110D05D00D00671497 /* Foundation.framework */; };
		1DF5F4E00D08C38300B7A737 /* UIKit.framework in Frameworks */ = {isa = PBXBuildFile; fileRef = 1DF5F4DF0D08C38300B7A737 /* UIKit.framework */; };
		288765A50DF7441C002DB57D /* CoreGraphics.framework in Frameworks */ = {isa = PBXBuildFile; fileRef = 288765A40DF7441C002DB57D /* CoreGraphics.framework */; };
		2899E5220DE3E06400AC0155 /* peekViewController.xib in Resources */ = {isa = PBXBuildFile; fileRef = 2899E5210DE3E06400AC0155 /* peekViewController.xib */; };
		28AD733F0D9D9553002E5188 /* MainWindow.xib in Resources */ = {isa = PBXBuildFile; fileRef = 28AD733E0D9D9553002E5188 /* MainWindow.xib */; };
		28D7ACF80DDB3853001CB0EB /* peekViewController.m in Sources */ = {isa = PBXBuildFile; fileRef = 28D7ACF70DDB3853001CB0EB /* peekViewController.m */; };
		B435D6621292D39600F46DA2 /* MyMutableURLRequest.m in Sources */ = {isa = PBXBuildFile; fileRef = B435D65E1292D39600F46DA2 /* MyMutableURLRequest.m */; };
		B435D6631292D39600F46DA2 /* MethodSwizzling.m in Sources */ = {isa = PBXBuildFile; fileRef = B435D6601292D39600F46DA2 /* MethodSwizzling.m */; };
		B46A2F6412913DDE00BB4D8F /* PeekLongPollDispatcher.m in Sources */ = {isa = PBXBuildFile; fileRef = B46A2F6312913DDE00BB4D8F /* PeekLongPollDispatcher.m */; };
		B47833EF128E827500885D18 /* peekscript.js in Resources */ = {isa = PBXBuildFile; fileRef = B47833EE128E827500885D18 /* peekscript.js */; };
		B4783448128E92F700885D18 /* HttpdRequestParser.m in Sources */ = {isa = PBXBuildFile; fileRef = B4783447128E92F700885D18 /* HttpdRequestParser.m */; };
		B47834C7128E9CCB00885D18 /* PeekRequestDispatcher.m in Sources */ = {isa = PBXBuildFile; fileRef = B47834C6128E9CCB00885D18 /* PeekRequestDispatcher.m */; };
		B47834E9128EA45600885D18 /* HttpdRequestDispatcher.m in Sources */ = {isa = PBXBuildFile; fileRef = B47834E8128EA45600885D18 /* HttpdRequestDispatcher.m */; };
		B4EC656A1287CE9C00FB2B0C /* Httpd.m in Sources */ = {isa = PBXBuildFile; fileRef = B4EC655B1287CE9C00FB2B0C /* Httpd.m */; };
		B4EC656B1287CE9C00FB2B0C /* NSObject+SBJSON.m in Sources */ = {isa = PBXBuildFile; fileRef = B4EC655F1287CE9C00FB2B0C /* NSObject+SBJSON.m */; };
		B4EC656C1287CE9C00FB2B0C /* NSString+SBJSON.m in Sources */ = {isa = PBXBuildFile; fileRef = B4EC65611287CE9C00FB2B0C /* NSString+SBJSON.m */; };
		B4EC656D1287CE9C00FB2B0C /* SBJSON.m in Sources */ = {isa = PBXBuildFile; fileRef = B4EC65631287CE9C00FB2B0C /* SBJSON.m */; };
		B4EC656E1287CE9C00FB2B0C /* SBJsonBase.m in Sources */ = {isa = PBXBuildFile; fileRef = B4EC65651287CE9C00FB2B0C /* SBJsonBase.m */; };
		B4EC656F1287CE9C00FB2B0C /* SBJsonParser.m in Sources */ = {isa = PBXBuildFile; fileRef = B4EC65671287CE9C00FB2B0C /* SBJsonParser.m */; };
		B4EC65701287CE9C00FB2B0C /* SBJsonWriter.m in Sources */ = {isa = PBXBuildFile; fileRef = B4EC65691287CE9C00FB2B0C /* SBJsonWriter.m */; };
		B4EC65CB1287D32E00FB2B0C /* console.html in Resources */ = {isa = PBXBuildFile; fileRef = B4EC65CA1287D32E00FB2B0C /* console.html */; };
		B8802C7712971DB900EB4D91 /* index.html in Resources */ = {isa = PBXBuildFile; fileRef = B8802C7612971DB900EB4D91 /* index.html */; };
		B8F2AE161297011800137DA5 /* back.png in Resources */ = {isa = PBXBuildFile; fileRef = B8F2AE151297011800137DA5 /* back.png */; };
		B8F2AE2A1297060200137DA5 /* metrix.png in Resources */ = {isa = PBXBuildFile; fileRef = B8F2AE261297060200137DA5 /* metrix.png */; };
		B8F2AE2B1297060200137DA5 /* radio-tower.png in Resources */ = {isa = PBXBuildFile; fileRef = B8F2AE271297060200137DA5 /* radio-tower.png */; };
		B8F2AE2C1297060200137DA5 /* radio-tower@2x.png in Resources */ = {isa = PBXBuildFile; fileRef = B8F2AE281297060200137DA5 /* radio-tower@2x.png */; };
		B8F2AE421297074500137DA5 /* jquery.js in Resources */ = {isa = PBXBuildFile; fileRef = B8F2AE411297074500137DA5 /* jquery.js */; };
		B8F2AE441297074D00137DA5 /* jsdeferred.js in Resources */ = {isa = PBXBuildFile; fileRef = B8F2AE431297074D00137DA5 /* jsdeferred.js */; };
/* End PBXBuildFile section */

/* Begin PBXFileReference section */
		1D30AB110D05D00D00671497 /* Foundation.framework */ = {isa = PBXFileReference; lastKnownFileType = wrapper.framework; name = Foundation.framework; path = System/Library/Frameworks/Foundation.framework; sourceTree = SDKROOT; };
		1D3623240D0F684500981E51 /* peekAppDelegate.h */ = {isa = PBXFileReference; fileEncoding = 4; lastKnownFileType = sourcecode.c.h; path = peekAppDelegate.h; sourceTree = "<group>"; };
		1D3623250D0F684500981E51 /* peekAppDelegate.m */ = {isa = PBXFileReference; fileEncoding = 4; lastKnownFileType = sourcecode.c.objc; path = peekAppDelegate.m; sourceTree = "<group>"; };
		1D6058910D05DD3D006BFB54 /* peek.app */ = {isa = PBXFileReference; explicitFileType = wrapper.application; includeInIndex = 0; path = peek.app; sourceTree = BUILT_PRODUCTS_DIR; };
		1DF5F4DF0D08C38300B7A737 /* UIKit.framework */ = {isa = PBXFileReference; lastKnownFileType = wrapper.framework; name = UIKit.framework; path = System/Library/Frameworks/UIKit.framework; sourceTree = SDKROOT; };
		288765A40DF7441C002DB57D /* CoreGraphics.framework */ = {isa = PBXFileReference; lastKnownFileType = wrapper.framework; name = CoreGraphics.framework; path = System/Library/Frameworks/CoreGraphics.framework; sourceTree = SDKROOT; };
		2899E5210DE3E06400AC0155 /* peekViewController.xib */ = {isa = PBXFileReference; lastKnownFileType = file.xib; path = peekViewController.xib; sourceTree = "<group>"; };
		28AD733E0D9D9553002E5188 /* MainWindow.xib */ = {isa = PBXFileReference; lastKnownFileType = file.xib; path = MainWindow.xib; sourceTree = "<group>"; };
		28D7ACF60DDB3853001CB0EB /* peekViewController.h */ = {isa = PBXFileReference; fileEncoding = 4; lastKnownFileType = sourcecode.c.h; path = peekViewController.h; sourceTree = "<group>"; };
		28D7ACF70DDB3853001CB0EB /* peekViewController.m */ = {isa = PBXFileReference; fileEncoding = 4; lastKnownFileType = sourcecode.c.objc; path = peekViewController.m; sourceTree = "<group>"; };
		29B97316FDCFA39411CA2CEA /* main.m */ = {isa = PBXFileReference; fileEncoding = 4; lastKnownFileType = sourcecode.c.objc; path = main.m; sourceTree = "<group>"; };
		32CA4F630368D1EE00C91783 /* peek_Prefix.pch */ = {isa = PBXFileReference; fileEncoding = 4; lastKnownFileType = sourcecode.c.h; path = peek_Prefix.pch; sourceTree = "<group>"; };
		8D1107310486CEB800E47090 /* peek-Info.plist */ = {isa = PBXFileReference; fileEncoding = 4; lastKnownFileType = text.plist.xml; path = "peek-Info.plist"; plistStructureDefinitionIdentifier = "com.apple.xcode.plist.structure-definition.iphone.info-plist"; sourceTree = "<group>"; };
		B435D65E1292D39600F46DA2 /* MyMutableURLRequest.m */ = {isa = PBXFileReference; fileEncoding = 4; lastKnownFileType = sourcecode.c.objc; path = MyMutableURLRequest.m; sourceTree = "<group>"; };
		B435D65F1292D39600F46DA2 /* MyMutableURLRequest.h */ = {isa = PBXFileReference; fileEncoding = 4; lastKnownFileType = sourcecode.c.h; path = MyMutableURLRequest.h; sourceTree = "<group>"; };
		B435D6601292D39600F46DA2 /* MethodSwizzling.m */ = {isa = PBXFileReference; fileEncoding = 4; lastKnownFileType = sourcecode.c.objc; path = MethodSwizzling.m; sourceTree = "<group>"; };
		B435D6611292D39600F46DA2 /* MethodSwizzling.h */ = {isa = PBXFileReference; fileEncoding = 4; lastKnownFileType = sourcecode.c.h; path = MethodSwizzling.h; sourceTree = "<group>"; };
		B46A2F6212913DDE00BB4D8F /* PeekLongPollDispatcher.h */ = {isa = PBXFileReference; fileEncoding = 4; lastKnownFileType = sourcecode.c.h; path = PeekLongPollDispatcher.h; sourceTree = "<group>"; };
		B46A2F6312913DDE00BB4D8F /* PeekLongPollDispatcher.m */ = {isa = PBXFileReference; fileEncoding = 4; lastKnownFileType = sourcecode.c.objc; path = PeekLongPollDispatcher.m; sourceTree = "<group>"; };
		B47833EE128E827500885D18 /* peekscript.js */ = {isa = PBXFileReference; fileEncoding = 4; lastKnownFileType = sourcecode.javascript; path = peekscript.js; sourceTree = "<group>"; };
		B4783446128E92F700885D18 /* HttpdRequestParser.h */ = {isa = PBXFileReference; fileEncoding = 4; lastKnownFileType = sourcecode.c.h; path = HttpdRequestParser.h; sourceTree = "<group>"; };
		B4783447128E92F700885D18 /* HttpdRequestParser.m */ = {isa = PBXFileReference; fileEncoding = 4; lastKnownFileType = sourcecode.c.objc; path = HttpdRequestParser.m; sourceTree = "<group>"; };
		B47834C5128E9CCB00885D18 /* PeekRequestDispatcher.h */ = {isa = PBXFileReference; fileEncoding = 4; lastKnownFileType = sourcecode.c.h; path = PeekRequestDispatcher.h; sourceTree = "<group>"; };
		B47834C6128E9CCB00885D18 /* PeekRequestDispatcher.m */ = {isa = PBXFileReference; fileEncoding = 4; lastKnownFileType = sourcecode.c.objc; path = PeekRequestDispatcher.m; sourceTree = "<group>"; };
		B47834E7128EA45600885D18 /* HttpdRequestDispatcher.h */ = {isa = PBXFileReference; fileEncoding = 4; lastKnownFileType = sourcecode.c.h; path = HttpdRequestDispatcher.h; sourceTree = "<group>"; };
		B47834E8128EA45600885D18 /* HttpdRequestDispatcher.m */ = {isa = PBXFileReference; fileEncoding = 4; lastKnownFileType = sourcecode.c.objc; path = HttpdRequestDispatcher.m; sourceTree = "<group>"; };
		B4EC655A1287CE9C00FB2B0C /* Httpd.h */ = {isa = PBXFileReference; fileEncoding = 4; lastKnownFileType = sourcecode.c.h; path = Httpd.h; sourceTree = "<group>"; };
		B4EC655B1287CE9C00FB2B0C /* Httpd.m */ = {isa = PBXFileReference; fileEncoding = 4; lastKnownFileType = sourcecode.c.objc; path = Httpd.m; sourceTree = "<group>"; };
		B4EC655D1287CE9C00FB2B0C /* JSON.h */ = {isa = PBXFileReference; fileEncoding = 4; lastKnownFileType = sourcecode.c.h; path = JSON.h; sourceTree = "<group>"; };
		B4EC655E1287CE9C00FB2B0C /* NSObject+SBJSON.h */ = {isa = PBXFileReference; fileEncoding = 4; lastKnownFileType = sourcecode.c.h; path = "NSObject+SBJSON.h"; sourceTree = "<group>"; };
		B4EC655F1287CE9C00FB2B0C /* NSObject+SBJSON.m */ = {isa = PBXFileReference; fileEncoding = 4; lastKnownFileType = sourcecode.c.objc; path = "NSObject+SBJSON.m"; sourceTree = "<group>"; };
		B4EC65601287CE9C00FB2B0C /* NSString+SBJSON.h */ = {isa = PBXFileReference; fileEncoding = 4; lastKnownFileType = sourcecode.c.h; path = "NSString+SBJSON.h"; sourceTree = "<group>"; };
		B4EC65611287CE9C00FB2B0C /* NSString+SBJSON.m */ = {isa = PBXFileReference; fileEncoding = 4; lastKnownFileType = sourcecode.c.objc; path = "NSString+SBJSON.m"; sourceTree = "<group>"; };
		B4EC65621287CE9C00FB2B0C /* SBJSON.h */ = {isa = PBXFileReference; fileEncoding = 4; lastKnownFileType = sourcecode.c.h; path = SBJSON.h; sourceTree = "<group>"; };
		B4EC65631287CE9C00FB2B0C /* SBJSON.m */ = {isa = PBXFileReference; fileEncoding = 4; lastKnownFileType = sourcecode.c.objc; path = SBJSON.m; sourceTree = "<group>"; };
		B4EC65641287CE9C00FB2B0C /* SBJsonBase.h */ = {isa = PBXFileReference; fileEncoding = 4; lastKnownFileType = sourcecode.c.h; path = SBJsonBase.h; sourceTree = "<group>"; };
		B4EC65651287CE9C00FB2B0C /* SBJsonBase.m */ = {isa = PBXFileReference; fileEncoding = 4; lastKnownFileType = sourcecode.c.objc; path = SBJsonBase.m; sourceTree = "<group>"; };
		B4EC65661287CE9C00FB2B0C /* SBJsonParser.h */ = {isa = PBXFileReference; fileEncoding = 4; lastKnownFileType = sourcecode.c.h; path = SBJsonParser.h; sourceTree = "<group>"; };
		B4EC65671287CE9C00FB2B0C /* SBJsonParser.m */ = {isa = PBXFileReference; fileEncoding = 4; lastKnownFileType = sourcecode.c.objc; path = SBJsonParser.m; sourceTree = "<group>"; };
		B4EC65681287CE9C00FB2B0C /* SBJsonWriter.h */ = {isa = PBXFileReference; fileEncoding = 4; lastKnownFileType = sourcecode.c.h; path = SBJsonWriter.h; sourceTree = "<group>"; };
		B4EC65691287CE9C00FB2B0C /* SBJsonWriter.m */ = {isa = PBXFileReference; fileEncoding = 4; lastKnownFileType = sourcecode.c.objc; path = SBJsonWriter.m; sourceTree = "<group>"; };
		B4EC65CA1287D32E00FB2B0C /* console.html */ = {isa = PBXFileReference; fileEncoding = 4; lastKnownFileType = text.html; path = console.html; sourceTree = "<group>"; };
		B8802C7612971DB900EB4D91 /* index.html */ = {isa = PBXFileReference; fileEncoding = 4; lastKnownFileType = text.html; path = index.html; sourceTree = "<group>"; };
		B8F2AE151297011800137DA5 /* back.png */ = {isa = PBXFileReference; lastKnownFileType = image.png; path = back.png; sourceTree = "<group>"; };
		B8F2AE261297060200137DA5 /* metrix.png */ = {isa = PBXFileReference; lastKnownFileType = image.png; path = metrix.png; sourceTree = "<group>"; };
		B8F2AE271297060200137DA5 /* radio-tower.png */ = {isa = PBXFileReference; lastKnownFileType = image.png; path = "radio-tower.png"; sourceTree = "<group>"; };
		B8F2AE281297060200137DA5 /* radio-tower@2x.png */ = {isa = PBXFileReference; lastKnownFileType = image.png; path = "radio-tower@2x.png"; sourceTree = "<group>"; };
		B8F2AE411297074500137DA5 /* jquery.js */ = {isa = PBXFileReference; lastKnownFileType = sourcecode.javascript; path = jquery.js; sourceTree = "<group>"; };
		B8F2AE431297074D00137DA5 /* jsdeferred.js */ = {isa = PBXFileReference; lastKnownFileType = sourcecode.javascript; path = jsdeferred.js; sourceTree = "<group>"; };
/* End PBXFileReference section */

/* Begin PBXFrameworksBuildPhase section */
		1D60588F0D05DD3D006BFB54 /* Frameworks */ = {
			isa = PBXFrameworksBuildPhase;
			buildActionMask = 2147483647;
			files = (
				1D60589F0D05DD5A006BFB54 /* Foundation.framework in Frameworks */,
				1DF5F4E00D08C38300B7A737 /* UIKit.framework in Frameworks */,
				288765A50DF7441C002DB57D /* CoreGraphics.framework in Frameworks */,
			);
			runOnlyForDeploymentPostprocessing = 0;
		};
/* End PBXFrameworksBuildPhase section */

/* Begin PBXGroup section */
		080E96DDFE201D6D7F000001 /* Classes */ = {
			isa = PBXGroup;
			children = (
				B4EC65591287CE9C00FB2B0C /* httpd */,
				B435D65E1292D39600F46DA2 /* MyMutableURLRequest.m */,
				B435D65F1292D39600F46DA2 /* MyMutableURLRequest.h */,
				B435D6601292D39600F46DA2 /* MethodSwizzling.m */,
				B435D6611292D39600F46DA2 /* MethodSwizzling.h */,
				1D3623240D0F684500981E51 /* peekAppDelegate.h */,
				1D3623250D0F684500981E51 /* peekAppDelegate.m */,
				28D7ACF60DDB3853001CB0EB /* peekViewController.h */,
				28D7ACF70DDB3853001CB0EB /* peekViewController.m */,
			);
			path = Classes;
			sourceTree = "<group>";
		};
		19C28FACFE9D520D11CA2CBB /* Products */ = {
			isa = PBXGroup;
			children = (
				1D6058910D05DD3D006BFB54 /* peek.app */,
			);
			name = Products;
			sourceTree = "<group>";
		};
		29B97314FDCFA39411CA2CEA /* CustomTemplate */ = {
			isa = PBXGroup;
			children = (
				080E96DDFE201D6D7F000001 /* Classes */,
				29B97315FDCFA39411CA2CEA /* Other Sources */,
				29B97317FDCFA39411CA2CEA /* Resources */,
				29B97323FDCFA39411CA2CEA /* Frameworks */,
				19C28FACFE9D520D11CA2CBB /* Products */,
			);
			name = CustomTemplate;
			sourceTree = "<group>";
		};
		29B97315FDCFA39411CA2CEA /* Other Sources */ = {
			isa = PBXGroup;
			children = (
				32CA4F630368D1EE00C91783 /* peek_Prefix.pch */,
				29B97316FDCFA39411CA2CEA /* main.m */,
			);
			name = "Other Sources";
			sourceTree = "<group>";
		};
		29B97317FDCFA39411CA2CEA /* Resources */ = {
			isa = PBXGroup;
			children = (
				B8802C7612971DB900EB4D91 /* index.html */,
				B8F2AE431297074D00137DA5 /* jsdeferred.js */,
				B8F2AE411297074500137DA5 /* jquery.js */,
				B8F2AE261297060200137DA5 /* metrix.png */,
				B8F2AE271297060200137DA5 /* radio-tower.png */,
				B8F2AE281297060200137DA5 /* radio-tower@2x.png */,
				B8F2AE151297011800137DA5 /* back.png */,
				B47833EE128E827500885D18 /* peekscript.js */,
				B4EC65CA1287D32E00FB2B0C /* console.html */,
				2899E5210DE3E06400AC0155 /* peekViewController.xib */,
				28AD733E0D9D9553002E5188 /* MainWindow.xib */,
				8D1107310486CEB800E47090 /* peek-Info.plist */,
			);
			name = Resources;
			sourceTree = "<group>";
		};
		29B97323FDCFA39411CA2CEA /* Frameworks */ = {
			isa = PBXGroup;
			children = (
				1DF5F4DF0D08C38300B7A737 /* UIKit.framework */,
				1D30AB110D05D00D00671497 /* Foundation.framework */,
				288765A40DF7441C002DB57D /* CoreGraphics.framework */,
			);
			name = Frameworks;
			sourceTree = "<group>";
		};
		B4EC65591287CE9C00FB2B0C /* httpd */ = {
			isa = PBXGroup;
			children = (
				B46A2F6212913DDE00BB4D8F /* PeekLongPollDispatcher.h */,
				B46A2F6312913DDE00BB4D8F /* PeekLongPollDispatcher.m */,
				B47834E7128EA45600885D18 /* HttpdRequestDispatcher.h */,
				B47834E8128EA45600885D18 /* HttpdRequestDispatcher.m */,
				B47834C5128E9CCB00885D18 /* PeekRequestDispatcher.h */,
				B47834C6128E9CCB00885D18 /* PeekRequestDispatcher.m */,
				B4EC655A1287CE9C00FB2B0C /* Httpd.h */,
				B4EC655B1287CE9C00FB2B0C /* Httpd.m */,
				B4783446128E92F700885D18 /* HttpdRequestParser.h */,
				B4783447128E92F700885D18 /* HttpdRequestParser.m */,
				B4EC655C1287CE9C00FB2B0C /* JSON */,
			);
			path = httpd;
			sourceTree = "<group>";
		};
		B4EC655C1287CE9C00FB2B0C /* JSON */ = {
			isa = PBXGroup;
			children = (
				B4EC655D1287CE9C00FB2B0C /* JSON.h */,
				B4EC655E1287CE9C00FB2B0C /* NSObject+SBJSON.h */,
				B4EC655F1287CE9C00FB2B0C /* NSObject+SBJSON.m */,
				B4EC65601287CE9C00FB2B0C /* NSString+SBJSON.h */,
				B4EC65611287CE9C00FB2B0C /* NSString+SBJSON.m */,
				B4EC65621287CE9C00FB2B0C /* SBJSON.h */,
				B4EC65631287CE9C00FB2B0C /* SBJSON.m */,
				B4EC65641287CE9C00FB2B0C /* SBJsonBase.h */,
				B4EC65651287CE9C00FB2B0C /* SBJsonBase.m */,
				B4EC65661287CE9C00FB2B0C /* SBJsonParser.h */,
				B4EC65671287CE9C00FB2B0C /* SBJsonParser.m */,
				B4EC65681287CE9C00FB2B0C /* SBJsonWriter.h */,
				B4EC65691287CE9C00FB2B0C /* SBJsonWriter.m */,
			);
			name = JSON;
			path = ../JSON;
			sourceTree = "<group>";
		};
/* End PBXGroup section */

/* Begin PBXNativeTarget section */
		1D6058900D05DD3D006BFB54 /* peek */ = {
			isa = PBXNativeTarget;
			buildConfigurationList = 1D6058960D05DD3E006BFB54 /* Build configuration list for PBXNativeTarget "peek" */;
			buildPhases = (
				1D60588D0D05DD3D006BFB54 /* Resources */,
				1D60588E0D05DD3D006BFB54 /* Sources */,
				1D60588F0D05DD3D006BFB54 /* Frameworks */,
			);
			buildRules = (
			);
			dependencies = (
			);
			name = peek;
			productName = peek;
			productReference = 1D6058910D05DD3D006BFB54 /* peek.app */;
			productType = "com.apple.product-type.application";
		};
/* End PBXNativeTarget section */

/* Begin PBXProject section */
		29B97313FDCFA39411CA2CEA /* Project object */ = {
			isa = PBXProject;
			buildConfigurationList = C01FCF4E08A954540054247B /* Build configuration list for PBXProject "peek" */;
			compatibilityVersion = "Xcode 3.1";
			developmentRegion = English;
			hasScannedForEncodings = 1;
			knownRegions = (
				English,
				Japanese,
				French,
				German,
			);
			mainGroup = 29B97314FDCFA39411CA2CEA /* CustomTemplate */;
			projectDirPath = "";
			projectRoot = "";
			targets = (
				1D6058900D05DD3D006BFB54 /* peek */,
			);
		};
/* End PBXProject section */

/* Begin PBXResourcesBuildPhase section */
		1D60588D0D05DD3D006BFB54 /* Resources */ = {
			isa = PBXResourcesBuildPhase;
			buildActionMask = 2147483647;
			files = (
				28AD733F0D9D9553002E5188 /* MainWindow.xib in Resources */,
				2899E5220DE3E06400AC0155 /* peekViewController.xib in Resources */,
				B4EC65CB1287D32E00FB2B0C /* console.html in Resources */,
				B47833EF128E827500885D18 /* peekscript.js in Resources */,
				B8F2AE161297011800137DA5 /* back.png in Resources */,
				B8F2AE2A1297060200137DA5 /* metrix.png in Resources */,
				B8F2AE2B1297060200137DA5 /* radio-tower.png in Resources */,
				B8F2AE2C1297060200137DA5 /* radio-tower@2x.png in Resources */,
				B8F2AE421297074500137DA5 /* jquery.js in Resources */,
				B8F2AE441297074D00137DA5 /* jsdeferred.js in Resources */,
				B8802C7712971DB900EB4D91 /* index.html in Resources */,
			);
			runOnlyForDeploymentPostprocessing = 0;
		};
/* End PBXResourcesBuildPhase section */

/* Begin PBXSourcesBuildPhase section */
		1D60588E0D05DD3D006BFB54 /* Sources */ = {
			isa = PBXSourcesBuildPhase;
			buildActionMask = 2147483647;
			files = (
				1D60589B0D05DD56006BFB54 /* main.m in Sources */,
				1D3623260D0F684500981E51 /* peekAppDelegate.m in Sources */,
				28D7ACF80DDB3853001CB0EB /* peekViewController.m in Sources */,
				B4EC656A1287CE9C00FB2B0C /* Httpd.m in Sources */,
				B4EC656B1287CE9C00FB2B0C /* NSObject+SBJSON.m in Sources */,
				B4EC656C1287CE9C00FB2B0C /* NSString+SBJSON.m in Sources */,
				B4EC656D1287CE9C00FB2B0C /* SBJSON.m in Sources */,
				B4EC656E1287CE9C00FB2B0C /* SBJsonBase.m in Sources */,
				B4EC656F1287CE9C00FB2B0C /* SBJsonParser.m in Sources */,
				B4EC65701287CE9C00FB2B0C /* SBJsonWriter.m in Sources */,
				B4783448128E92F700885D18 /* HttpdRequestParser.m in Sources */,
				B47834C7128E9CCB00885D18 /* PeekRequestDispatcher.m in Sources */,
				B47834E9128EA45600885D18 /* HttpdRequestDispatcher.m in Sources */,
				B46A2F6412913DDE00BB4D8F /* PeekLongPollDispatcher.m in Sources */,
				B435D6621292D39600F46DA2 /* MyMutableURLRequest.m in Sources */,
				B435D6631292D39600F46DA2 /* MethodSwizzling.m in Sources */,
			);
			runOnlyForDeploymentPostprocessing = 0;
		};
/* End PBXSourcesBuildPhase section */

/* Begin XCBuildConfiguration section */
		1D6058940D05DD3E006BFB54 /* Debug */ = {
			isa = XCBuildConfiguration;
			buildSettings = {
				ALWAYS_SEARCH_USER_PATHS = NO;
				COPY_PHASE_STRIP = NO;
				GCC_DYNAMIC_NO_PIC = NO;
				GCC_OPTIMIZATION_LEVEL = 0;
				GCC_PRECOMPILE_PREFIX_HEADER = YES;
				GCC_PREFIX_HEADER = peek_Prefix.pch;
				INFOPLIST_FILE = "peek-Info.plist";
				PRODUCT_NAME = peek;
			};
			name = Debug;
		};
		1D6058950D05DD3E006BFB54 /* Release */ = {
			isa = XCBuildConfiguration;
			buildSettings = {
				ALWAYS_SEARCH_USER_PATHS = NO;
				COPY_PHASE_STRIP = YES;
				GCC_PRECOMPILE_PREFIX_HEADER = YES;
				GCC_PREFIX_HEADER = peek_Prefix.pch;
				INFOPLIST_FILE = "peek-Info.plist";
				PRODUCT_NAME = peek;
				VALIDATE_PRODUCT = YES;
			};
			name = Release;
		};
		C01FCF4F08A954540054247B /* Debug */ = {
			isa = XCBuildConfiguration;
			buildSettings = {
				ARCHS = "$(ARCHS_STANDARD_32_BIT)";
				"CODE_SIGN_IDENTITY[sdk=iphoneos*]" = "iPhone Developer";
				GCC_C_LANGUAGE_STANDARD = c99;
				GCC_WARN_ABOUT_RETURN_TYPE = YES;
				GCC_WARN_UNUSED_VARIABLE = YES;
				IPHONEOS_DEPLOYMENT_TARGET = 4.0;
				PREBINDING = NO;
				SDKROOT = iphoneos4.2;
			};
			name = Debug;
		};
		C01FCF5008A954540054247B /* Release */ = {
			isa = XCBuildConfiguration;
			buildSettings = {
				ARCHS = "$(ARCHS_STANDARD_32_BIT)";
				"CODE_SIGN_IDENTITY[sdk=iphoneos*]" = "iPhone Developer";
				GCC_C_LANGUAGE_STANDARD = c99;
				GCC_WARN_ABOUT_RETURN_TYPE = YES;
				GCC_WARN_UNUSED_VARIABLE = YES;
				OTHER_CFLAGS = "-DNS_BLOCK_ASSERTIONS=1";
				PREBINDING = NO;
				SDKROOT = iphoneos4.2;
			};
			name = Release;
		};
/* End XCBuildConfiguration section */

/* Begin XCConfigurationList section */
		1D6058960D05DD3E006BFB54 /* Build configuration list for PBXNativeTarget "peek" */ = {
			isa = XCConfigurationList;
			buildConfigurations = (
				1D6058940D05DD3E006BFB54 /* Debug */,
				1D6058950D05DD3E006BFB54 /* Release */,
			);
			defaultConfigurationIsVisible = 0;
			defaultConfigurationName = Release;
		};
		C01FCF4E08A954540054247B /* Build configuration list for PBXProject "peek" */ = {
			isa = XCConfigurationList;
			buildConfigurations = (
				C01FCF4F08A954540054247B /* Debug */,
				C01FCF5008A954540054247B /* Release */,
			);
			defaultConfigurationIsVisible = 0;
			defaultConfigurationName = Release;
		};
/* End XCConfigurationList section */
	};
	rootObject = 29B97313FDCFA39411CA2CEA /* Project object */;
}
